
Microsoft Visual Studio Solution File, Format Version 12.00
Project("{FAE04EC0-301F-11D3-BF4B-00C04F79EFBC}") = "HelloMonogame", "HelloMonogame.csproj", "{50AD01ED-5BD2-4E78-8B39-397A989F330F}"
EndProject
Global
	GlobalSection(SolutionConfigurationPlatforms) = preSolution
		Debug|Any CPU = Debug|Any CPU
		Release|Any CPU = Release|Any CPU
	EndGlobalSection
	GlobalSection(ProjectConfigurationPlatforms) = postSolution
		{50AD01ED-5BD2-4E78-8B39-397A989F330F}.Debug|Any CPU.ActiveCfg = Debug|Any CPU
		{50AD01ED-5BD2-4E78-8B39-397A989F330F}.Debug|Any CPU.Build.0 = Debug|Any CPU
		{50AD01ED-5BD2-4E78-8B39-397A989F330F}.Release|Any CPU.ActiveCfg = Release|Any CPU
		{50AD01ED-5BD2-4E78-8B39-397A989F330F}.Release|Any CPU.Build.0 = Release|Any CPU
	EndGlobalSection
EndGlobal
